// !$*UTF8*$!
{
	archiveVersion = 1;
	classes = {
	};
	objectVersion = 46;
	objects = {

/* Begin PBXBuildFile section */
		11B067B81F252D0A00B4CEC6 /* main.m in Sources */ = {isa = PBXBuildFile; fileRef = 11B067B71F252D0A00B4CEC6 /* main.m */; };
		11B067BB1F252D0A00B4CEC6 /* AppDelegate.m in Sources */ = {isa = PBXBuildFile; fileRef = 11B067BA1F252D0A00B4CEC6 /* AppDelegate.m */; };
		11B067BE1F252D0B00B4CEC6 /* ViewController.m in Sources */ = {isa = PBXBuildFile; fileRef = 11B067BD1F252D0B00B4CEC6 /* ViewController.m */; };
		11B067C11F252D0B00B4CEC6 /* Main.storyboard in Resources */ = {isa = PBXBuildFile; fileRef = 11B067BF1F252D0B00B4CEC6 /* Main.storyboard */; };
		11B067C41F252D0B00B4CEC6 /* coredataXcode8.xcdatamodeld in Sources */ = {isa = PBXBuildFile; fileRef = 11B067C21F252D0B00B4CEC6 /* coredataXcode8.xcdatamodeld */; };
		11B067C61F252D0B00B4CEC6 /* Assets.xcassets in Resources */ = {isa = PBXBuildFile; fileRef = 11B067C51F252D0B00B4CEC6 /* Assets.xcassets */; };
		11B067C91F252D0C00B4CEC6 /* LaunchScreen.storyboard in Resources */ = {isa = PBXBuildFile; fileRef = 11B067C71F252D0C00B4CEC6 /* LaunchScreen.storyboard */; };
/* End PBXBuildFile section */

/* Begin PBXFileReference section */
		11B067B31F252D0A00B4CEC6 /* coredataXcode8.app */ = {isa = PBXFileReference; explicitFileType = wrapper.application; includeInIndex = 0; path = coredataXcode8.app; sourceTree = BUILT_PRODUCTS_DIR; };
		11B067B71F252D0A00B4CEC6 /* main.m */ = {isa = PBXFileReference; lastKnownFileType = sourcecode.c.objc; path = main.m; sourceTree = "<group>"; };
		11B067B91F252D0A00B4CEC6 /* AppDelegate.h */ = {isa = PBXFileReference; lastKnownFileType = sourcecode.c.h; path = AppDelegate.h; sourceTree = "<group>"; };
		11B067BA1F252D0A00B4CEC6 /* AppDelegate.m */ = {isa = PBXFileReference; lastKnownFileType = sourcecode.c.objc; path = AppDelegate.m; sourceTree = "<group>"; };
		11B067BC1F252D0B00B4CEC6 /* ViewController.h */ = {isa = PBXFileReference; lastKnownFileType = sourcecode.c.h; path = ViewController.h; sourceTree = "<group>"; };
		11B067BD1F252D0B00B4CEC6 /* ViewController.m */ = {isa = PBXFileReference; lastKnownFileType = sourcecode.c.objc; path = ViewController.m; sourceTree = "<group>"; };
		11B067C01F252D0B00B4CEC6 /* Base */ = {isa = PBXFileReference; lastKnownFileType = file.storyboard; name = Base; path = Base.lproj/Main.storyboard; sourceTree = "<group>"; };
		11B067C31F252D0B00B4CEC6 /* coredataXcode8.xcdatamodel */ = {isa = PBXFileReference; lastKnownFileType = wrapper.xcdatamodel; path = coredataXcode8.xcdatamodel; sourceTree = "<group>"; };
		11B067C51F252D0B00B4CEC6 /* Assets.xcassets */ = {isa = PBXFileReference; lastKnownFileType = folder.assetcatalog; path = Assets.xcassets; sourceTree = "<group>"; };
		11B067C81F252D0C00B4CEC6 /* Base */ = {isa = PBXFileReference; lastKnownFileType = file.storyboard; name = Base; path = Base.lproj/LaunchScreen.storyboard; sourceTree = "<group>"; };
		11B067CA1F252D0C00B4CEC6 /* Info.plist */ = {isa = PBXFileReference; lastKnownFileType = text.plist.xml; path = Info.plist; sourceTree = "<group>"; };
/* End PBXFileReference section */

/* Begin PBXFrameworksBuildPhase section */
		11B067B01F252D0A00B4CEC6 /* Frameworks */ = {
			isa = PBXFrameworksBuildPhase;
			buildActionMask = 2147483647;
			files = (
			);
			runOnlyForDeploymentPostprocessing = 0;
		};
/* End PBXFrameworksBuildPhase section */

/* Begin PBXGroup section */
		11B067AA1F252D0900B4CEC6 = {
			isa = PBXGroup;
			children = (
				11B067B51F252D0A00B4CEC6 /* coredataXcode8 */,
				11B067B41F252D0A00B4CEC6 /* Products */,
			);
			sourceTree = "<group>";
		};
		11B067B41F252D0A00B4CEC6 /* Products */ = {
			isa = PBXGroup;
			children = (
				11B067B31F252D0A00B4CEC6 /* coredataXcode8.app */,
			);
			name = Products;
			sourceTree = "<group>";
		};
		11B067B51F252D0A00B4CEC6 /* coredataXcode8 */ = {
			isa = PBXGroup;
			children = (
				11B067B91F252D0A00B4CEC6 /* AppDelegate.h */,
				11B067BA1F252D0A00B4CEC6 /* AppDelegate.m */,
				11B067BC1F252D0B00B4CEC6 /* ViewController.h */,
				11B067BD1F252D0B00B4CEC6 /* ViewController.m */,
				11B067BF1F252D0B00B4CEC6 /* Main.storyboard */,
				11B067C51F252D0B00B4CEC6 /* Assets.xcassets */,
				11B067C71F252D0C00B4CEC6 /* LaunchScreen.storyboard */,
				11B067CA1F252D0C00B4CEC6 /* Info.plist */,
				11B067C21F252D0B00B4CEC6 /* coredataXcode8.xcdatamodeld */,
				11B067B61F252D0A00B4CEC6 /* Supporting Files */,
			);
			path = coredataXcode8;
			sourceTree = "<group>";
		};
		11B067B61F252D0A00B4CEC6 /* Supporting Files */ = {
			isa = PBXGroup;
			children = (
				11B067B71F252D0A00B4CEC6 /* main.m */,
			);
			name = "Supporting Files";
			sourceTree = "<group>";
		};
/* End PBXGroup section */

/* Begin PBXNativeTarget section */
		11B067B21F252D0A00B4CEC6 /* coredataXcode8 */ = {
			isa = PBXNativeTarget;
			buildConfigurationList = 11B067CD1F252D0C00B4CEC6 /* Build configuration list for PBXNativeTarget "coredataXcode8" */;
			buildPhases = (
				11B067AF1F252D0A00B4CEC6 /* Sources */,
				11B067B01F252D0A00B4CEC6 /* Frameworks */,
				11B067B11F252D0A00B4CEC6 /* Resources */,
			);
			buildRules = (
			);
			dependencies = (
			);
			name = coredataXcode8;
			productName = coredataXcode8;
			productReference = 11B067B31F252D0A00B4CEC6 /* coredataXcode8.app */;
			productType = "com.apple.product-type.application";
		};
/* End PBXNativeTarget section */

/* Begin PBXProject section */
		11B067AB1F252D0A00B4CEC6 /* Project object */ = {
			isa = PBXProject;
			attributes = {
				LastUpgradeCheck = 0830;
				ORGANIZATIONNAME = Pawan;
				TargetAttributes = {
					11B067B21F252D0A00B4CEC6 = {
						CreatedOnToolsVersion = 8.3.3;
						ProvisioningStyle = Automatic;
					};
				};
			};
			buildConfigurationList = 11B067AE1F252D0A00B4CEC6 /* Build configuration list for PBXProject "coredataXcode8" */;
			compatibilityVersion = "Xcode 3.2";
			developmentRegion = English;
			hasScannedForEncodings = 0;
			knownRegions = (
				en,
				Base,
			);
			mainGroup = 11B067AA1F252D0900B4CEC6;
			productRefGroup = 11B067B41F252D0A00B4CEC6 /* Products */;
			projectDirPath = "";
			projectRoot = "";
			targets = (
				11B067B21F252D0A00B4CEC6 /* coredataXcode8 */,
			);
		};
/* End PBXProject section */

/* Begin PBXResourcesBuildPhase section */
		11B067B11F252D0A00B4CEC6 /* Resources */ = {
			isa = PBXResourcesBuildPhase;
			buildActionMask = 2147483647;
			files = (
				11B067C91F252D0C00B4CEC6 /* LaunchScreen.storyboard in Resources */,
				11B067C61F252D0B00B4CEC6 /* Assets.xcassets in Resources */,
				11B067C11F252D0B00B4CEC6 /* Main.storyboard in Resources */,
			);
			runOnlyForDeploymentPostprocessing = 0;
		};
/* End PBXResourcesBuildPhase section */

/* Begin PBXSourcesBuildPhase section */
		11B067AF1F252D0A00B4CEC6 /* Sources */ = {
			isa = PBXSourcesBuildPhase;
			buildActionMask = 2147483647;
			files = (
				11B067BE1F252D0B00B4CEC6 /* ViewController.m in Sources */,
				11B067C41F252D0B00B4CEC6 /* coredataXcode8.xcdatamodeld in Sources */,
				11B067BB1F252D0A00B4CEC6 /* AppDelegate.m in Sources */,
				11B067B81F252D0A00B4CEC6 /* main.m in Sources */,
			);
			runOnlyForDeploymentPostprocessing = 0;
		};
/* End PBXSourcesBuildPhase section */

/* Begin PBXVariantGroup section */
		11B067BF1F252D0B00B4CEC6 /* Main.storyboard */ = {
			isa = PBXVariantGroup;
			children = (
				11B067C01F252D0B00B4CEC6 /* Base */,
			);
			name = Main.storyboard;
			sourceTree = "<group>";
		};
		11B067C71F252D0C00B4CEC6 /* LaunchScreen.storyboard */ = {
			isa = PBXVariantGroup;
			children = (
				11B067C81F252D0C00B4CEC6 /* Base */,
			);
			name = LaunchScreen.storyboard;
			sourceTree = "<group>";
		};
/* End PBXVariantGroup section */

/* Begin XCBuildConfiguration section */
		11B067CB1F252D0C00B4CEC6 /* Debug */ = {
			isa = XCBuildConfiguration;
			buildSettings = {
				ALWAYS_SEARCH_USER_PATHS = NO;
				CLANG_ANALYZER_NONNULL = YES;
				CLANG_ANALYZER_NUMBER_OBJECT_CONVERSION = YES_AGGRESSIVE;
				CLANG_CXX_LANGUAGE_STANDARD = "gnu++0x";
				CLANG_CXX_LIBRARY = "libc++";
				CLANG_ENABLE_MODULES = YES;
				CLANG_ENABLE_OBJC_ARC = YES;
				CLANG_WARN_BOOL_CONVERSION = YES;
				CLANG_WARN_CONSTANT_CONVERSION = YES;
				CLANG_WARN_DIRECT_OBJC_ISA_USAGE = YES_ERROR;
				CLANG_WARN_DOCUMENTATION_COMMENTS = YES;
				CLANG_WARN_EMPTY_BODY = YES;
				CLANG_WARN_ENUM_CONVERSION = YES;
				CLANG_WARN_INFINITE_RECURSION = YES;
				CLANG_WARN_INT_CONVERSION = YES;
				CLANG_WARN_OBJC_ROOT_CLASS = YES_ERROR;
				CLANG_WARN_SUSPICIOUS_MOVE = YES;
				CLANG_WARN_UNREACHABLE_CODE = YES;
				CLANG_WARN__DUPLICATE_METHOD_MATCH = YES;
				"CODE_SIGN_IDENTITY[sdk=iphoneos*]" = "iPhone Developer";
				COPY_PHASE_STRIP = NO;
				DEBUG_INFORMATION_FORMAT = dwarf;
				ENABLE_STRICT_OBJC_MSGSEND = YES;
				ENABLE_TESTABILITY = YES;
				GCC_C_LANGUAGE_STANDARD = gnu99;
				GCC_DYNAMIC_NO_PIC = NO;
				GCC_NO_COMMON_BLOCKS = YES;
				GCC_OPTIMIZATION_LEVEL = 0;
				GCC_PREPROCESSOR_DEFINITIONS = (
					"DEBUG=1",
					"$(inherited)",
				);
				GCC_WARN_64_TO_32_BIT_CONVERSION = YES;
				GCC_WARN_ABOUT_RETURN_TYPE = YES_ERROR;
				GCC_WARN_UNDECLARED_SELECTOR = YES;
				GCC_WARN_UNINITIALIZED_AUTOS = YES_AGGRESSIVE;
				GCC_WARN_UNUSED_FUNCTION = YES;
				GCC_WARN_UNUSED_VARIABLE = YES;
				IPHONEOS_DEPLOYMENT_TARGET = 10.3;
				MTL_ENABLE_DEBUG_INFO = YES;
				ONLY_ACTIVE_ARCH = YES;
				SDKROOT = iphoneos;
				TARGETED_DEVICE_FAMILY = "1,2";
			};
			name = Debug;
		};
		11B067CC1F252D0C00B4CEC6 /* Release */ = {
			isa = XCBuildConfiguration;
			buildSettings = {
				ALWAYS_SEARCH_USER_PATHS = NO;
				CLANG_ANALYZER_NONNULL = YES;
				CLANG_ANALYZER_NUMBER_OBJECT_CONVERSION = YES_AGGRESSIVE;
				CLANG_CXX_LANGUAGE_STANDARD = "gnu++0x";
				CLANG_CXX_LIBRARY = "libc++";
				CLANG_ENABLE_MODULES = YES;
				CLANG_ENABLE_OBJC_ARC = YES;
				CLANG_WARN_BOOL_CONVERSION = YES;
				CLANG_WARN_CONSTANT_CONVERSION = YES;
				CLANG_WARN_DIRECT_OBJC_ISA_USAGE = YES_ERROR;
				CLANG_WARN_DOCUMENTATION_COMMENTS = YES;
				CLANG_WARN_EMPTY_BODY = YES;
				CLANG_WARN_ENUM_CONVERSION = YES;
				CLANG_WARN_INFINITE_RECURSION = YES;
				CLANG_WARN_INT_CONVERSION = YES;
				CLANG_WARN_OBJC_ROOT_CLASS = YES_ERROR;
				CLANG_WARN_SUSPICIOUS_MOVE = YES;
				CLANG_WARN_UNREACHABLE_CODE = YES;
				CLANG_WARN__DUPLICATE_METHOD_MATCH = YES;
				"CODE_SIGN_IDENTITY[sdk=iphoneos*]" = "iPhone Developer";
				COPY_PHASE_STRIP = NO;
				DEBUG_INFORMATION_FORMAT = "dwarf-with-dsym";
				ENABLE_NS_ASSERTIONS = NO;
				ENABLE_STRICT_OBJC_MSGSEND = YES;
				GCC_C_LANGUAGE_STANDARD = gnu99;
				GCC_NO_COMMON_BLOCKS = YES;
				GCC_WARN_64_TO_32_BIT_CONVERSION = YES;
				GCC_WARN_ABOUT_RETURN_TYPE = YES_ERROR;
				GCC_WARN_UNDECLARED_SELECTOR = YES;
				GCC_WARN_UNINITIALIZED_AUTOS = YES_AGGRESSIVE;
				GCC_WARN_UNUSED_FUNCTION = YES;
				GCC_WARN_UNUSED_VARIABLE = YES;
				IPHONEOS_DEPLOYMENT_TARGET = 10.3;
				MTL_ENABLE_DEBUG_INFO = NO;
				SDKROOT = iphoneos;
				TARGETED_DEVICE_FAMILY = "1,2";
				VALIDATE_PRODUCT = YES;
			};
			name = Release;
		};
		11B067CE1F252D0C00B4CEC6 /* Debug */ = {
			isa = XCBuildConfiguration;
			buildSettings = {
				ASSETCATALOG_COMPILER_APPICON_NAME = AppIcon;
				INFOPLIST_FILE = coredataXcode8/Info.plist;
				LD_RUNPATH_SEARCH_PATHS = "$(inherited) @executable_path/Frameworks";
				PRODUCT_BUNDLE_IDENTIFIER = com.sample.coredataXcode8;
				PRODUCT_NAME = "$(TARGET_NAME)";
			};
			name = Debug;
		};
		11B067CF1F252D0C00B4CEC6 /* Release */ = {
			isa = XCBuildConfiguration;
			buildSettings = {
				ASSETCATALOG_COMPILER_APPICON_NAME = AppIcon;
				INFOPLIST_FILE = coredataXcode8/Info.plist;
				LD_RUNPATH_SEARCH_PATHS = "$(inherited) @executable_path/Frameworks";
				PRODUCT_BUNDLE_IDENTIFIER = com.sample.coredataXcode8;
				PRODUCT_NAME = "$(TARGET_NAME)";
			};
			name = Release;
		};
/* End XCBuildConfiguration section */

/* Begin XCConfigurationList section */
		11B067AE1F252D0A00B4CEC6 /* Build configuration list for PBXProject "coredataXcode8" */ = {
			isa = XCConfigurationList;
			buildConfigurations = (
				11B067CB1F252D0C00B4CEC6 /* Debug */,
				11B067CC1F252D0C00B4CEC6 /* Release */,
			);
			defaultConfigurationIsVisible = 0;
			defaultConfigurationName = Release;
		};
		11B067CD1F252D0C00B4CEC6 /* Build configuration list for PBXNativeTarget "coredataXcode8" */ = {
			isa = XCConfigurationList;
			buildConfigurations = (
				11B067CE1F252D0C00B4CEC6 /* Debug */,
				11B067CF1F252D0C00B4CEC6 /* Release */,
			);
			defaultConfigurationIsVisible = 0;
		};
/* End XCConfigurationList section */

/* Begin XCVersionGroup section */
		11B067C21F252D0B00B4CEC6 /* coredataXcode8.xcdatamodeld */ = {
			isa = XCVersionGroup;
			children = (
				11B067C31F252D0B00B4CEC6 /* coredataXcode8.xcdatamodel */,
			);
			currentVersion = 11B067C31F252D0B00B4CEC6 /* coredataXcode8.xcdatamodel */;
			path = coredataXcode8.xcdatamodeld;
			sourceTree = "<group>";
			versionGroupType = wrapper.xcdatamodel;
		};
/* End XCVersionGroup section */
	};
	rootObject = 11B067AB1F252D0A00B4CEC6 /* Project object */;
}
